
Microsoft Visual Studio Solution File, Format Version 12.00
# Visual Studio 2013
VisualStudioVersion = 12.0.21005.1
MinimumVisualStudioVersion = 10.0.40219.1
Project("{FAE04EC0-301F-11D3-BF4B-00C04F79EFBC}") = "RoboCode", "src\RoboCode\RoboCode.csproj", "{CB6D552E-1C10-4BD6-808F-1274CF60EDCD}"
EndProject
Project("{FAE04EC0-301F-11D3-BF4B-00C04F79EFBC}") = "RoboCode.Runner", "src\RoboCode.Runner\RoboCode.Runner.csproj", "{EF371291-5B4F-48F1-95C4-5A533878B1E1}"
EndProject
Global
	GlobalSection(SolutionConfigurationPlatforms) = preSolution
		Debug|Any CPU = Debug|Any CPU
		Release|Any CPU = Release|Any CPU
	EndGlobalSection
	GlobalSection(ProjectConfigurationPlatforms) = postSolution
		{CB6D552E-1C10-4BD6-808F-1274CF60EDCD}.Debug|Any CPU.ActiveCfg = Debug|Any CPU
		{CB6D552E-1C10-4BD6-808F-1274CF60EDCD}.Debug|Any CPU.Build.0 = Debug|Any CPU
		{CB6D552E-1C10-4BD6-808F-1274CF60EDCD}.Release|Any CPU.ActiveCfg = Release|Any CPU
		{CB6D552E-1C10-4BD6-808F-1274CF60EDCD}.Release|Any CPU.Build.0 = Release|Any CPU
		{EF371291-5B4F-48F1-95C4-5A533878B1E1}.Debug|Any CPU.ActiveCfg = Debug|Any CPU
		{EF371291-5B4F-48F1-95C4-5A533878B1E1}.Debug|Any CPU.Build.0 = Debug|Any CPU
		{EF371291-5B4F-48F1-95C4-5A533878B1E1}.Release|Any CPU.ActiveCfg = Release|Any CPU
		{EF371291-5B4F-48F1-95C4-5A533878B1E1}.Release|Any CPU.Build.0 = Release|Any CPU
	EndGlobalSection
	GlobalSection(SolutionProperties) = preSolution
		HideSolutionNode = FALSE
	EndGlobalSection
EndGlobal
